// !$*UTF8*$!
{
	archiveVersion = 1;
	classes = {
	};
	objectVersion = 50;
	objects = {

/* Begin PBXBuildFile section */
		95B0D5C2235D27FD00967621 /* AppDelegate.swift in Sources */ = {isa = PBXBuildFile; fileRef = 95B0D5C1235D27FD00967621 /* AppDelegate.swift */; };
		95B0D5C4235D27FD00967621 /* SceneDelegate.swift in Sources */ = {isa = PBXBuildFile; fileRef = 95B0D5C3235D27FD00967621 /* SceneDelegate.swift */; };
		95B0D5C6235D27FD00967621 /* ViewController.swift in Sources */ = {isa = PBXBuildFile; fileRef = 95B0D5C5235D27FD00967621 /* ViewController.swift */; };
		95B0D5C9235D27FD00967621 /* Main.storyboard in Resources */ = {isa = PBXBuildFile; fileRef = 95B0D5C7235D27FD00967621 /* Main.storyboard */; };
		95B0D5CB235D27FF00967621 /* Assets.xcassets in Resources */ = {isa = PBXBuildFile; fileRef = 95B0D5CA235D27FF00967621 /* Assets.xcassets */; };
		95B0D5CE235D27FF00967621 /* LaunchScreen.storyboard in Resources */ = {isa = PBXBuildFile; fileRef = 95B0D5CC235D27FF00967621 /* LaunchScreen.storyboard */; };
/* End PBXBuildFile section */

/* Begin PBXFileReference section */
		95B0D5BE235D27FD00967621 /* snakeGame.app */ = {isa = PBXFileReference; explicitFileType = wrapper.application; includeInIndex = 0; path = snakeGame.app; sourceTree = BUILT_PRODUCTS_DIR; };
		95B0D5C1235D27FD00967621 /* AppDelegate.swift */ = {isa = PBXFileReference; lastKnownFileType = sourcecode.swift; path = AppDelegate.swift; sourceTree = "<group>"; };
		95B0D5C3235D27FD00967621 /* SceneDelegate.swift */ = {isa = PBXFileReference; lastKnownFileType = sourcecode.swift; path = SceneDelegate.swift; sourceTree = "<group>"; };
		95B0D5C5235D27FD00967621 /* ViewController.swift */ = {isa = PBXFileReference; lastKnownFileType = sourcecode.swift; path = ViewController.swift; sourceTree = "<group>"; };
		95B0D5C8235D27FD00967621 /* Base */ = {isa = PBXFileReference; lastKnownFileType = file.storyboard; name = Base; path = Base.lproj/Main.storyboard; sourceTree = "<group>"; };
		95B0D5CA235D27FF00967621 /* Assets.xcassets */ = {isa = PBXFileReference; lastKnownFileType = folder.assetcatalog; path = Assets.xcassets; sourceTree = "<group>"; };
		95B0D5CD235D27FF00967621 /* Base */ = {isa = PBXFileReference; lastKnownFileType = file.storyboard; name = Base; path = Base.lproj/LaunchScreen.storyboard; sourceTree = "<group>"; };
		95B0D5CF235D27FF00967621 /* Info.plist */ = {isa = PBXFileReference; lastKnownFileType = text.plist.xml; path = Info.plist; sourceTree = "<group>"; };
/* End PBXFileReference section */

/* Begin PBXFrameworksBuildPhase section */
		95B0D5BB235D27FD00967621 /* Frameworks */ = {
			isa = PBXFrameworksBuildPhase;
			buildActionMask = 2147483647;
			files = (
			);
			runOnlyForDeploymentPostprocessing = 0;
		};
/* End PBXFrameworksBuildPhase section */

/* Begin PBXGroup section */
		95B0D5B5235D27FD00967621 = {
			isa = PBXGroup;
			children = (
				95B0D5C0235D27FD00967621 /* snakeGame */,
				95B0D5BF235D27FD00967621 /* Products */,
			);
			sourceTree = "<group>";
		};
		95B0D5BF235D27FD00967621 /* Products */ = {
			isa = PBXGroup;
			children = (
				95B0D5BE235D27FD00967621 /* snakeGame.app */,
			);
			name = Products;
			sourceTree = "<group>";
		};
		95B0D5C0235D27FD00967621 /* snakeGame */ = {
			isa = PBXGroup;
			children = (
				95B0D5C1235D27FD00967621 /* AppDelegate.swift */,
				95B0D5C3235D27FD00967621 /* SceneDelegate.swift */,
				95B0D5C5235D27FD00967621 /* ViewController.swift */,
				95B0D5C7235D27FD00967621 /* Main.storyboard */,
				95B0D5CA235D27FF00967621 /* Assets.xcassets */,
				95B0D5CC235D27FF00967621 /* LaunchScreen.storyboard */,
				95B0D5CF235D27FF00967621 /* Info.plist */,
			);
			path = snakeGame;
			sourceTree = "<group>";
		};
/* End PBXGroup section */

/* Begin PBXNativeTarget section */
		95B0D5BD235D27FD00967621 /* snakeGame */ = {
			isa = PBXNativeTarget;
			buildConfigurationList = 95B0D5D2235D27FF00967621 /* Build configuration list for PBXNativeTarget "snakeGame" */;
			buildPhases = (
				95B0D5BA235D27FD00967621 /* Sources */,
				95B0D5BB235D27FD00967621 /* Frameworks */,
				95B0D5BC235D27FD00967621 /* Resources */,
			);
			buildRules = (
			);
			dependencies = (
			);
			name = snakeGame;
			productName = snakeGame;
			productReference = 95B0D5BE235D27FD00967621 /* snakeGame.app */;
			productType = "com.apple.product-type.application";
		};
/* End PBXNativeTarget section */

/* Begin PBXProject section */
		95B0D5B6235D27FD00967621 /* Project object */ = {
			isa = PBXProject;
			attributes = {
				LastSwiftUpdateCheck = 1100;
				LastUpgradeCheck = 1100;
				ORGANIZATIONNAME = "Tamara Erlij";
				TargetAttributes = {
					95B0D5BD235D27FD00967621 = {
						CreatedOnToolsVersion = 11.0;
					};
				};
			};
			buildConfigurationList = 95B0D5B9235D27FD00967621 /* Build configuration list for PBXProject "snakeGame" */;
			compatibilityVersion = "Xcode 9.3";
			developmentRegion = en;
			hasScannedForEncodings = 0;
			knownRegions = (
				en,
				Base,
			);
			mainGroup = 95B0D5B5235D27FD00967621;
			productRefGroup = 95B0D5BF235D27FD00967621 /* Products */;
			projectDirPath = "";
			projectRoot = "";
			targets = (
				95B0D5BD235D27FD00967621 /* snakeGame */,
			);
		};
/* End PBXProject section */

/* Begin PBXResourcesBuildPhase section */
		95B0D5BC235D27FD00967621 /* Resources */ = {
			isa = PBXResourcesBuildPhase;
			buildActionMask = 2147483647;
			files = (
				95B0D5CE235D27FF00967621 /* LaunchScreen.storyboard in Resources */,
				95B0D5CB235D27FF00967621 /* Assets.xcassets in Resources */,
				95B0D5C9235D27FD00967621 /* Main.storyboard in Resources */,
			);
			runOnlyForDeploymentPostprocessing = 0;
		};
/* End PBXResourcesBuildPhase section */

/* Begin PBXSourcesBuildPhase section */
		95B0D5BA235D27FD00967621 /* Sources */ = {
			isa = PBXSourcesBuildPhase;
			buildActionMask = 2147483647;
			files = (
				95B0D5C6235D27FD00967621 /* ViewController.swift in Sources */,
				95B0D5C2235D27FD00967621 /* AppDelegate.swift in Sources */,
				95B0D5C4235D27FD00967621 /* SceneDelegate.swift in Sources */,
			);
			runOnlyForDeploymentPostprocessing = 0;
		};
/* End PBXSourcesBuildPhase section */

/* Begin PBXVariantGroup section */
		95B0D5C7235D27FD00967621 /* Main.storyboard */ = {
			isa = PBXVariantGroup;
			children = (
				95B0D5C8235D27FD00967621 /* Base */,
			);
			name = Main.storyboard;
			sourceTree = "<group>";
		};
		95B0D5CC235D27FF00967621 /* LaunchScreen.storyboard */ = {
			isa = PBXVariantGroup;
			children = (
				95B0D5CD235D27FF00967621 /* Base */,
			);
			name = LaunchScreen.storyboard;
			sourceTree = "<group>";
		};
/* End PBXVariantGroup section */

/* Begin XCBuildConfiguration section */
		95B0D5D0235D27FF00967621 /* Debug */ = {
			isa = XCBuildConfiguration;
			buildSettings = {
				ALWAYS_SEARCH_USER_PATHS = NO;
				CLANG_ANALYZER_NONNULL = YES;
				CLANG_ANALYZER_NUMBER_OBJECT_CONVERSION = YES_AGGRESSIVE;
				CLANG_CXX_LANGUAGE_STANDARD = "gnu++14";
				CLANG_CXX_LIBRARY = "libc++";
				CLANG_ENABLE_MODULES = YES;
				CLANG_ENABLE_OBJC_ARC = YES;
				CLANG_ENABLE_OBJC_WEAK = YES;
				CLANG_WARN_BLOCK_CAPTURE_AUTORELEASING = YES;
				CLANG_WARN_BOOL_CONVERSION = YES;
				CLANG_WARN_COMMA = YES;
				CLANG_WARN_CONSTANT_CONVERSION = YES;
				CLANG_WARN_DEPRECATED_OBJC_IMPLEMENTATIONS = YES;
				CLANG_WARN_DIRECT_OBJC_ISA_USAGE = YES_ERROR;
				CLANG_WARN_DOCUMENTATION_COMMENTS = YES;
				CLANG_WARN_EMPTY_BODY = YES;
				CLANG_WARN_ENUM_CONVERSION = YES;
				CLANG_WARN_INFINITE_RECURSION = YES;
				CLANG_WARN_INT_CONVERSION = YES;
				CLANG_WARN_NON_LITERAL_NULL_CONVERSION = YES;
				CLANG_WARN_OBJC_IMPLICIT_RETAIN_SELF = YES;
				CLANG_WARN_OBJC_LITERAL_CONVERSION = YES;
				CLANG_WARN_OBJC_ROOT_CLASS = YES_ERROR;
				CLANG_WARN_RANGE_LOOP_ANALYSIS = YES;
				CLANG_WARN_STRICT_PROTOTYPES = YES;
				CLANG_WARN_SUSPICIOUS_MOVE = YES;
				CLANG_WARN_UNGUARDED_AVAILABILITY = YES_AGGRESSIVE;
				CLANG_WARN_UNREACHABLE_CODE = YES;
				CLANG_WARN__DUPLICATE_METHOD_MATCH = YES;
				COPY_PHASE_STRIP = NO;
				DEBUG_INFORMATION_FORMAT = dwarf;
				ENABLE_STRICT_OBJC_MSGSEND = YES;
				ENABLE_TESTABILITY = YES;
				GCC_C_LANGUAGE_STANDARD = gnu11;
				GCC_DYNAMIC_NO_PIC = NO;
				GCC_NO_COMMON_BLOCKS = YES;
				GCC_OPTIMIZATION_LEVEL = 0;
				GCC_PREPROCESSOR_DEFINITIONS = (
					"DEBUG=1",
					"$(inherited)",
				);
				GCC_WARN_64_TO_32_BIT_CONVERSION = YES;
				GCC_WARN_ABOUT_RETURN_TYPE = YES_ERROR;
				GCC_WARN_UNDECLARED_SELECTOR = YES;
				GCC_WARN_UNINITIALIZED_AUTOS = YES_AGGRESSIVE;
				GCC_WARN_UNUSED_FUNCTION = YES;
				GCC_WARN_UNUSED_VARIABLE = YES;
				IPHONEOS_DEPLOYMENT_TARGET = 13.0;
				MTL_ENABLE_DEBUG_INFO = INCLUDE_SOURCE;
				MTL_FAST_MATH = YES;
				ONLY_ACTIVE_ARCH = YES;
				SDKROOT = iphoneos;
				SWIFT_ACTIVE_COMPILATION_CONDITIONS = DEBUG;
				SWIFT_OPTIMIZATION_LEVEL = "-Onone";
			};
			name = Debug;
		};
		95B0D5D1235D27FF00967621 /* Release */ = {
			isa = XCBuildConfiguration;
			buildSettings = {
				ALWAYS_SEARCH_USER_PATHS = NO;
				CLANG_ANALYZER_NONNULL = YES;
				CLANG_ANALYZER_NUMBER_OBJECT_CONVERSION = YES_AGGRESSIVE;
				CLANG_CXX_LANGUAGE_STANDARD = "gnu++14";
				CLANG_CXX_LIBRARY = "libc++";
				CLANG_ENABLE_MODULES = YES;
				CLANG_ENABLE_OBJC_ARC = YES;
				CLANG_ENABLE_OBJC_WEAK = YES;
				CLANG_WARN_BLOCK_CAPTURE_AUTORELEASING = YES;
				CLANG_WARN_BOOL_CONVERSION = YES;
				CLANG_WARN_COMMA = YES;
				CLANG_WARN_CONSTANT_CONVERSION = YES;
				CLANG_WARN_DEPRECATED_OBJC_IMPLEMENTATIONS = YES;
				CLANG_WARN_DIRECT_OBJC_ISA_USAGE = YES_ERROR;
				CLANG_WARN_DOCUMENTATION_COMMENTS = YES;
				CLANG_WARN_EMPTY_BODY = YES;
				CLANG_WARN_ENUM_CONVERSION = YES;
				CLANG_WARN_INFINITE_RECURSION = YES;
				CLANG_WARN_INT_CONVERSION = YES;
				CLANG_WARN_NON_LITERAL_NULL_CONVERSION = YES;
				CLANG_WARN_OBJC_IMPLICIT_RETAIN_SELF = YES;
				CLANG_WARN_OBJC_LITERAL_CONVERSION = YES;
				CLANG_WARN_OBJC_ROOT_CLASS = YES_ERROR;
				CLANG_WARN_RANGE_LOOP_ANALYSIS = YES;
				CLANG_WARN_STRICT_PROTOTYPES = YES;
				CLANG_WARN_SUSPICIOUS_MOVE = YES;
				CLANG_WARN_UNGUARDED_AVAILABILITY = YES_AGGRESSIVE;
				CLANG_WARN_UNREACHABLE_CODE = YES;
				CLANG_WARN__DUPLICATE_METHOD_MATCH = YES;
				COPY_PHASE_STRIP = NO;
				DEBUG_INFORMATION_FORMAT = "dwarf-with-dsym";
				ENABLE_NS_ASSERTIONS = NO;
				ENABLE_STRICT_OBJC_MSGSEND = YES;
				GCC_C_LANGUAGE_STANDARD = gnu11;
				GCC_NO_COMMON_BLOCKS = YES;
				GCC_WARN_64_TO_32_BIT_CONVERSION = YES;
				GCC_WARN_ABOUT_RETURN_TYPE = YES_ERROR;
				GCC_WARN_UNDECLARED_SELECTOR = YES;
				GCC_WARN_UNINITIALIZED_AUTOS = YES_AGGRESSIVE;
				GCC_WARN_UNUSED_FUNCTION = YES;
				GCC_WARN_UNUSED_VARIABLE = YES;
				IPHONEOS_DEPLOYMENT_TARGET = 13.0;
				MTL_ENABLE_DEBUG_INFO = NO;
				MTL_FAST_MATH = YES;
				SDKROOT = iphoneos;
				SWIFT_COMPILATION_MODE = wholemodule;
				SWIFT_OPTIMIZATION_LEVEL = "-O";
				VALIDATE_PRODUCT = YES;
			};
			name = Release;
		};
		95B0D5D3235D27FF00967621 /* Debug */ = {
			isa = XCBuildConfiguration;
			buildSettings = {
				ASSETCATALOG_COMPILER_APPICON_NAME = AppIcon;
				CODE_SIGN_STYLE = Automatic;
				DEVELOPMENT_TEAM = 56RTBWDLYU;
				INFOPLIST_FILE = snakeGame/Info.plist;
				LD_RUNPATH_SEARCH_PATHS = (
					"$(inherited)",
					"@executable_path/Frameworks",
				);
				PRODUCT_BUNDLE_IDENTIFIER = com.TamaraErlij.snakeGame;
				PRODUCT_NAME = "$(TARGET_NAME)";
				SWIFT_VERSION = 5.0;
				TARGETED_DEVICE_FAMILY = "1,2";
			};
			name = Debug;
		};
		95B0D5D4235D27FF00967621 /* Release */ = {
			isa = XCBuildConfiguration;
			buildSettings = {
				ASSETCATALOG_COMPILER_APPICON_NAME = AppIcon;
				CODE_SIGN_STYLE = Automatic;
				DEVELOPMENT_TEAM = 56RTBWDLYU;
				INFOPLIST_FILE = snakeGame/Info.plist;
				LD_RUNPATH_SEARCH_PATHS = (
					"$(inherited)",
					"@executable_path/Frameworks",
				);
				PRODUCT_BUNDLE_IDENTIFIER = com.TamaraErlij.snakeGame;
				PRODUCT_NAME = "$(TARGET_NAME)";
				SWIFT_VERSION = 5.0;
				TARGETED_DEVICE_FAMILY = "1,2";
			};
			name = Release;
		};
/* End XCBuildConfiguration section */

/* Begin XCConfigurationList section */
		95B0D5B9235D27FD00967621 /* Build configuration list for PBXProject "snakeGame" */ = {
			isa = XCConfigurationList;
			buildConfigurations = (
				95B0D5D0235D27FF00967621 /* Debug */,
				95B0D5D1235D27FF00967621 /* Release */,
			);
			defaultConfigurationIsVisible = 0;
			defaultConfigurationName = Release;
		};
		95B0D5D2235D27FF00967621 /* Build configuration list for PBXNativeTarget "snakeGame" */ = {
			isa = XCConfigurationList;
			buildConfigurations = (
				95B0D5D3235D27FF00967621 /* Debug */,
				95B0D5D4235D27FF00967621 /* Release */,
			);
			defaultConfigurationIsVisible = 0;
			defaultConfigurationName = Release;
		};
/* End XCConfigurationList section */
	};
	rootObject = 95B0D5B6235D27FD00967621 /* Project object */;
}
